{
  "name": "cybarprep",
  "version": "1.0.0",
  "lockfileVersion": 3,
  "requires": true,
  "packages": {
    "": {
      "name": "cybarprep",
      "version": "1.0.0",
      "dependencies": {
        "framer-motion": "12.4.7",
        "lucide-react": "0.475.0",
        "react": "19.0.0",
        "react-dom": "19.0.0",
        "react-router-dom": "6.26.1"
      }
    }
  }
}